
Microsoft Visual Studio Solution File, Format Version 12.00
# Visual Studio Version 17
VisualStudioVersion = 17.5.33516.290
MinimumVisualStudioVersion = 10.0.40219.1
Project("{FAE04EC0-301F-11D3-BF4B-00C04F79EFBC}") = "DeonoProject", "DeonoProject\DeonoProject.csproj", "{07FE9810-3320-455A-9D78-F0390D11A5D5}"
EndProject
Global
	GlobalSection(SolutionConfigurationPlatforms) = preSolution
		Debug|Any CPU = Debug|Any CPU
		Release|Any CPU = Release|Any CPU
	EndGlobalSection
	GlobalSection(ProjectConfigurationPlatforms) = postSolution
		{07FE9810-3320-455A-9D78-F0390D11A5D5}.Debug|Any CPU.ActiveCfg = Debug|Any CPU
		{07FE9810-3320-455A-9D78-F0390D11A5D5}.Debug|Any CPU.Build.0 = Debug|Any CPU
		{07FE9810-3320-455A-9D78-F0390D11A5D5}.Release|Any CPU.ActiveCfg = Release|Any CPU
		{07FE9810-3320-455A-9D78-F0390D11A5D5}.Release|Any CPU.Build.0 = Release|Any CPU
	EndGlobalSection
	GlobalSection(SolutionProperties) = preSolution
		HideSolutionNode = FALSE
	EndGlobalSection
	GlobalSection(ExtensibilityGlobals) = postSolution
		SolutionGuid = {9B287F89-E5A6-4310-B320-720B57BD37FE}
	EndGlobalSection
EndGlobal
